
Microsoft Visual Studio Solution File, Format Version 12.00
# Visual Studio Version 17
VisualStudioVersion = 17.1.32210.238
MinimumVisualStudioVersion = 10.0.40219.1
Project("{FAE04EC0-301F-11D3-BF4B-00C04F79EFBC}") = "QModManager", "QModManager\QModManager.csproj", "{DA63F59D-4676-4726-AFEC-BD9D3682733F}"
EndProject
Project("{2150E333-8FDC-42A3-9474-1A3956D46DE8}") = "Solution Items", "Solution Items", "{5A8D179E-C749-4346-AD81-05F11C082A1C}"
	ProjectSection(SolutionItems) = preProject
		common.props = common.props
		Configurations.targets = Configurations.targets
		Data\latest-version.txt = Data\latest-version.txt
		BepinexPackages\BelowZero_Packages\QModManager\manifest.json = BepinexPackages\BelowZero_Packages\QModManager\manifest.json
		BepinexPackages\Subnautica_Packages\QModManager\manifest.json = BepinexPackages\Subnautica_Packages\QModManager\manifest.json
		BepinexPackages\BelowZero_Packages\QModManager_Exp\manifest.json = BepinexPackages\BelowZero_Packages\QModManager_Exp\manifest.json
		BepinexPackages\Subnautica_Packages\QModManager_Exp\manifest.json = BepinexPackages\Subnautica_Packages\QModManager_Exp\manifest.json
		NuGet.Config = NuGet.Config
		References.targets = References.targets
	EndProjectSection
EndProject
Project("{FAE04EC0-301F-11D3-BF4B-00C04F79EFBC}") = "UnityAudioFixer", "UnityAudioFixer\UnityAudioFixer.csproj", "{CA99F076-7459-4682-A41D-2850AEE28566}"
	ProjectSection(ProjectDependencies) = postProject
		{DA63F59D-4676-4726-AFEC-BD9D3682733F} = {DA63F59D-4676-4726-AFEC-BD9D3682733F}
	EndProjectSection
EndProject
Project("{FAE04EC0-301F-11D3-BF4B-00C04F79EFBC}") = "QModManager.QModPluginGenerator", "QModPluginEmulator\QModManager.QModPluginGenerator.csproj", "{EA496DDF-D775-4E17-9EAE-C570C5F50701}"
	ProjectSection(ProjectDependencies) = postProject
		{DA63F59D-4676-4726-AFEC-BD9D3682733F} = {DA63F59D-4676-4726-AFEC-BD9D3682733F}
	EndProjectSection
EndProject
Project("{FAE04EC0-301F-11D3-BF4B-00C04F79EFBC}") = "OculusNewtonsoftRedirect", "OculusNewtonsoftRedirect\OculusNewtonsoftRedirect.csproj", "{25558450-FF33-4FDF-91C7-0C5C00A94A57}"
EndProject
Project("{2150E333-8FDC-42A3-9474-1A3956D46DE8}") = "Build Scripts", "Build Scripts", "{075884D3-CC6F-4B56-B050-C31A8E11FA52}"
	ProjectSection(SolutionItems) = preProject
		Scripts\QModPluginGenerator-post-build.cmd = Scripts\QModPluginGenerator-post-build.cmd
	EndProjectSection
EndProject
Global
	GlobalSection(SolutionConfigurationPlatforms) = preSolution
		BZ.EXP|Any CPU = BZ.EXP|Any CPU
		BZ.EXP|x64 = BZ.EXP|x64
		BZ.EXP|x86 = BZ.EXP|x86
		BZ.STABLE|Any CPU = BZ.STABLE|Any CPU
		BZ.STABLE|x64 = BZ.STABLE|x64
		BZ.STABLE|x86 = BZ.STABLE|x86
		SN.EXP|Any CPU = SN.EXP|Any CPU
		SN.EXP|x64 = SN.EXP|x64
		SN.EXP|x86 = SN.EXP|x86
		SN.STABLE|Any CPU = SN.STABLE|Any CPU
		SN.STABLE|x64 = SN.STABLE|x64
		SN.STABLE|x86 = SN.STABLE|x86
	EndGlobalSection
	GlobalSection(ProjectConfigurationPlatforms) = postSolution
		{DA63F59D-4676-4726-AFEC-BD9D3682733F}.BZ.EXP|Any CPU.ActiveCfg = BZ.EXP|Any CPU
		{DA63F59D-4676-4726-AFEC-BD9D3682733F}.BZ.EXP|Any CPU.Build.0 = BZ.EXP|Any CPU
		{DA63F59D-4676-4726-AFEC-BD9D3682733F}.BZ.EXP|x64.ActiveCfg = BZ.EXP|Any CPU
		{DA63F59D-4676-4726-AFEC-BD9D3682733F}.BZ.EXP|x64.Build.0 = BZ.EXP|Any CPU
		{DA63F59D-4676-4726-AFEC-BD9D3682733F}.BZ.EXP|x86.ActiveCfg = BZ.EXP|Any CPU
		{DA63F59D-4676-4726-AFEC-BD9D3682733F}.BZ.EXP|x86.Build.0 = BZ.EXP|Any CPU
		{DA63F59D-4676-4726-AFEC-BD9D3682733F}.BZ.STABLE|Any CPU.ActiveCfg = BZ.STABLE|Any CPU
		{DA63F59D-4676-4726-AFEC-BD9D3682733F}.BZ.STABLE|Any CPU.Build.0 = BZ.STABLE|Any CPU
		{DA63F59D-4676-4726-AFEC-BD9D3682733F}.BZ.STABLE|x64.ActiveCfg = BZ.STABLE|Any CPU
		{DA63F59D-4676-4726-AFEC-BD9D3682733F}.BZ.STABLE|x64.Build.0 = BZ.STABLE|Any CPU
		{DA63F59D-4676-4726-AFEC-BD9D3682733F}.BZ.STABLE|x86.ActiveCfg = BZ.STABLE|Any CPU
		{DA63F59D-4676-4726-AFEC-BD9D3682733F}.BZ.STABLE|x86.Build.0 = BZ.STABLE|Any CPU
		{DA63F59D-4676-4726-AFEC-BD9D3682733F}.SN.EXP|Any CPU.ActiveCfg = SN.EXP|Any CPU
		{DA63F59D-4676-4726-AFEC-BD9D3682733F}.SN.EXP|Any CPU.Build.0 = SN.EXP|Any CPU
		{DA63F59D-4676-4726-AFEC-BD9D3682733F}.SN.EXP|x64.ActiveCfg = SN.EXP|Any CPU
		{DA63F59D-4676-4726-AFEC-BD9D3682733F}.SN.EXP|x64.Build.0 = SN.EXP|Any CPU
		{DA63F59D-4676-4726-AFEC-BD9D3682733F}.SN.EXP|x86.ActiveCfg = SN.EXP|Any CPU
		{DA63F59D-4676-4726-AFEC-BD9D3682733F}.SN.EXP|x86.Build.0 = SN.EXP|Any CPU
		{DA63F59D-4676-4726-AFEC-BD9D3682733F}.SN.STABLE|Any CPU.ActiveCfg = SN.STABLE|Any CPU
		{DA63F59D-4676-4726-AFEC-BD9D3682733F}.SN.STABLE|Any CPU.Build.0 = SN.STABLE|Any CPU
		{DA63F59D-4676-4726-AFEC-BD9D3682733F}.SN.STABLE|x64.ActiveCfg = SN.STABLE|Any CPU
		{DA63F59D-4676-4726-AFEC-BD9D3682733F}.SN.STABLE|x64.Build.0 = SN.STABLE|Any CPU
		{DA63F59D-4676-4726-AFEC-BD9D3682733F}.SN.STABLE|x86.ActiveCfg = SN.STABLE|Any CPU
		{DA63F59D-4676-4726-AFEC-BD9D3682733F}.SN.STABLE|x86.Build.0 = SN.STABLE|Any CPU
		{CA99F076-7459-4682-A41D-2850AEE28566}.BZ.EXP|Any CPU.ActiveCfg = BZ.EXP|Any CPU
		{CA99F076-7459-4682-A41D-2850AEE28566}.BZ.EXP|Any CPU.Build.0 = BZ.EXP|Any CPU
		{CA99F076-7459-4682-A41D-2850AEE28566}.BZ.EXP|x64.ActiveCfg = BZ.EXP|Any CPU
		{CA99F076-7459-4682-A41D-2850AEE28566}.BZ.EXP|x64.Build.0 = BZ.EXP|Any CPU
		{CA99F076-7459-4682-A41D-2850AEE28566}.BZ.EXP|x86.ActiveCfg = BZ.EXP|Any CPU
		{CA99F076-7459-4682-A41D-2850AEE28566}.BZ.EXP|x86.Build.0 = BZ.EXP|Any CPU
		{CA99F076-7459-4682-A41D-2850AEE28566}.BZ.STABLE|Any CPU.ActiveCfg = BZ.STABLE|Any CPU
		{CA99F076-7459-4682-A41D-2850AEE28566}.BZ.STABLE|Any CPU.Build.0 = BZ.STABLE|Any CPU
		{CA99F076-7459-4682-A41D-2850AEE28566}.BZ.STABLE|x64.ActiveCfg = BZ.STABLE|Any CPU
		{CA99F076-7459-4682-A41D-2850AEE28566}.BZ.STABLE|x64.Build.0 = BZ.STABLE|Any CPU
		{CA99F076-7459-4682-A41D-2850AEE28566}.BZ.STABLE|x86.ActiveCfg = BZ.STABLE|Any CPU
		{CA99F076-7459-4682-A41D-2850AEE28566}.BZ.STABLE|x86.Build.0 = BZ.STABLE|Any CPU
		{CA99F076-7459-4682-A41D-2850AEE28566}.SN.EXP|Any CPU.ActiveCfg = SN.EXP|Any CPU
		{CA99F076-7459-4682-A41D-2850AEE28566}.SN.EXP|Any CPU.Build.0 = SN.EXP|Any CPU
		{CA99F076-7459-4682-A41D-2850AEE28566}.SN.EXP|x64.ActiveCfg = SN.EXP|Any CPU
		{CA99F076-7459-4682-A41D-2850AEE28566}.SN.EXP|x64.Build.0 = SN.EXP|Any CPU
		{CA99F076-7459-4682-A41D-2850AEE28566}.SN.EXP|x86.ActiveCfg = SN.EXP|Any CPU
		{CA99F076-7459-4682-A41D-2850AEE28566}.SN.EXP|x86.Build.0 = SN.EXP|Any CPU
		{CA99F076-7459-4682-A41D-2850AEE28566}.SN.STABLE|Any CPU.ActiveCfg = SN.STABLE|Any CPU
		{CA99F076-7459-4682-A41D-2850AEE28566}.SN.STABLE|Any CPU.Build.0 = SN.STABLE|Any CPU
		{CA99F076-7459-4682-A41D-2850AEE28566}.SN.STABLE|x64.ActiveCfg = SN.STABLE|Any CPU
		{CA99F076-7459-4682-A41D-2850AEE28566}.SN.STABLE|x64.Build.0 = SN.STABLE|Any CPU
		{CA99F076-7459-4682-A41D-2850AEE28566}.SN.STABLE|x86.ActiveCfg = SN.STABLE|Any CPU
		{CA99F076-7459-4682-A41D-2850AEE28566}.SN.STABLE|x86.Build.0 = SN.STABLE|Any CPU
		{EA496DDF-D775-4E17-9EAE-C570C5F50701}.BZ.EXP|Any CPU.ActiveCfg = BZ.EXP|Any CPU
		{EA496DDF-D775-4E17-9EAE-C570C5F50701}.BZ.EXP|Any CPU.Build.0 = BZ.EXP|Any CPU
		{EA496DDF-D775-4E17-9EAE-C570C5F50701}.BZ.EXP|x64.ActiveCfg = BZ.EXP|Any CPU
		{EA496DDF-D775-4E17-9EAE-C570C5F50701}.BZ.EXP|x64.Build.0 = BZ.EXP|Any CPU
		{EA496DDF-D775-4E17-9EAE-C570C5F50701}.BZ.EXP|x86.ActiveCfg = BZ.EXP|Any CPU
		{EA496DDF-D775-4E17-9EAE-C570C5F50701}.BZ.EXP|x86.Build.0 = BZ.EXP|Any CPU
		{EA496DDF-D775-4E17-9EAE-C570C5F50701}.BZ.STABLE|Any CPU.ActiveCfg = BZ.STABLE|Any CPU
		{EA496DDF-D775-4E17-9EAE-C570C5F50701}.BZ.STABLE|Any CPU.Build.0 = BZ.STABLE|Any CPU
		{EA496DDF-D775-4E17-9EAE-C570C5F50701}.BZ.STABLE|x64.ActiveCfg = BZ.STABLE|Any CPU
		{EA496DDF-D775-4E17-9EAE-C570C5F50701}.BZ.STABLE|x64.Build.0 = BZ.STABLE|Any CPU
		{EA496DDF-D775-4E17-9EAE-C570C5F50701}.BZ.STABLE|x86.ActiveCfg = BZ.STABLE|Any CPU
		{EA496DDF-D775-4E17-9EAE-C570C5F50701}.BZ.STABLE|x86.Build.0 = BZ.STABLE|Any CPU
		{EA496DDF-D775-4E17-9EAE-C570C5F50701}.SN.EXP|Any CPU.ActiveCfg = SN.EXP|Any CPU
		{EA496DDF-D775-4E17-9EAE-C570C5F50701}.SN.EXP|Any CPU.Build.0 = SN.EXP|Any CPU
		{EA496DDF-D775-4E17-9EAE-C570C5F50701}.SN.EXP|x64.ActiveCfg = SN.EXP|Any CPU
		{EA496DDF-D775-4E17-9EAE-C570C5F50701}.SN.EXP|x64.Build.0 = SN.EXP|Any CPU
		{EA496DDF-D775-4E17-9EAE-C570C5F50701}.SN.EXP|x86.ActiveCfg = SN.EXP|Any CPU
		{EA496DDF-D775-4E17-9EAE-C570C5F50701}.SN.EXP|x86.Build.0 = SN.EXP|Any CPU
		{EA496DDF-D775-4E17-9EAE-C570C5F50701}.SN.STABLE|Any CPU.ActiveCfg = SN.STABLE|Any CPU
		{EA496DDF-D775-4E17-9EAE-C570C5F50701}.SN.STABLE|Any CPU.Build.0 = SN.STABLE|Any CPU
		{EA496DDF-D775-4E17-9EAE-C570C5F50701}.SN.STABLE|x64.ActiveCfg = SN.STABLE|Any CPU
		{EA496DDF-D775-4E17-9EAE-C570C5F50701}.SN.STABLE|x64.Build.0 = SN.STABLE|Any CPU
		{EA496DDF-D775-4E17-9EAE-C570C5F50701}.SN.STABLE|x86.ActiveCfg = SN.STABLE|Any CPU
		{EA496DDF-D775-4E17-9EAE-C570C5F50701}.SN.STABLE|x86.Build.0 = SN.STABLE|Any CPU
		{25558450-FF33-4FDF-91C7-0C5C00A94A57}.BZ.EXP|Any CPU.ActiveCfg = BZ.EXP|Any CPU
		{25558450-FF33-4FDF-91C7-0C5C00A94A57}.BZ.EXP|Any CPU.Build.0 = BZ.EXP|Any CPU
		{25558450-FF33-4FDF-91C7-0C5C00A94A57}.BZ.EXP|x64.ActiveCfg = BZ.EXP|Any CPU
		{25558450-FF33-4FDF-91C7-0C5C00A94A57}.BZ.EXP|x64.Build.0 = BZ.EXP|Any CPU
		{25558450-FF33-4FDF-91C7-0C5C00A94A57}.BZ.EXP|x86.ActiveCfg = BZ.EXP|Any CPU
		{25558450-FF33-4FDF-91C7-0C5C00A94A57}.BZ.EXP|x86.Build.0 = BZ.EXP|Any CPU
		{25558450-FF33-4FDF-91C7-0C5C00A94A57}.BZ.STABLE|Any CPU.ActiveCfg = BZ.STABLE|Any CPU
		{25558450-FF33-4FDF-91C7-0C5C00A94A57}.BZ.STABLE|Any CPU.Build.0 = BZ.STABLE|Any CPU
		{25558450-FF33-4FDF-91C7-0C5C00A94A57}.BZ.STABLE|x64.ActiveCfg = BZ.STABLE|Any CPU
		{25558450-FF33-4FDF-91C7-0C5C00A94A57}.BZ.STABLE|x64.Build.0 = BZ.STABLE|Any CPU
		{25558450-FF33-4FDF-91C7-0C5C00A94A57}.BZ.STABLE|x86.ActiveCfg = BZ.STABLE|Any CPU
		{25558450-FF33-4FDF-91C7-0C5C00A94A57}.BZ.STABLE|x86.Build.0 = BZ.STABLE|Any CPU
		{25558450-FF33-4FDF-91C7-0C5C00A94A57}.SN.EXP|Any CPU.ActiveCfg = SN.EXP|Any CPU
		{25558450-FF33-4FDF-91C7-0C5C00A94A57}.SN.EXP|Any CPU.Build.0 = SN.EXP|Any CPU
		{25558450-FF33-4FDF-91C7-0C5C00A94A57}.SN.EXP|x64.ActiveCfg = SN.EXP|Any CPU
		{25558450-FF33-4FDF-91C7-0C5C00A94A57}.SN.EXP|x64.Build.0 = SN.EXP|Any CPU
		{25558450-FF33-4FDF-91C7-0C5C00A94A57}.SN.EXP|x86.ActiveCfg = SN.EXP|Any CPU
		{25558450-FF33-4FDF-91C7-0C5C00A94A57}.SN.EXP|x86.Build.0 = SN.EXP|Any CPU
		{25558450-FF33-4FDF-91C7-0C5C00A94A57}.SN.STABLE|Any CPU.ActiveCfg = SN.STABLE|Any CPU
		{25558450-FF33-4FDF-91C7-0C5C00A94A57}.SN.STABLE|Any CPU.Build.0 = SN.STABLE|Any CPU
		{25558450-FF33-4FDF-91C7-0C5C00A94A57}.SN.STABLE|x64.ActiveCfg = SN.STABLE|Any CPU
		{25558450-FF33-4FDF-91C7-0C5C00A94A57}.SN.STABLE|x64.Build.0 = SN.STABLE|Any CPU
		{25558450-FF33-4FDF-91C7-0C5C00A94A57}.SN.STABLE|x86.ActiveCfg = SN.STABLE|Any CPU
		{25558450-FF33-4FDF-91C7-0C5C00A94A57}.SN.STABLE|x86.Build.0 = SN.STABLE|Any CPU
	EndGlobalSection
	GlobalSection(SolutionProperties) = preSolution
		HideSolutionNode = FALSE
	EndGlobalSection
	GlobalSection(NestedProjects) = preSolution
		{075884D3-CC6F-4B56-B050-C31A8E11FA52} = {5A8D179E-C749-4346-AD81-05F11C082A1C}
	EndGlobalSection
	GlobalSection(ExtensibilityGlobals) = postSolution
		SolutionGuid = {54A73C4F-4981-48CC-AD91-27D3D090D5D4}
	EndGlobalSection
EndGlobal
