
Microsoft Visual Studio Solution File, Format Version 12.00
# Visual Studio 15
VisualStudioVersion = 15.0.27130.2027
MinimumVisualStudioVersion = 10.0.40219.1
Project("{FAE04EC0-301F-11D3-BF4B-00C04F79EFBC}") = "Executable", "Executable\Executable.csproj", "{E00B7FE8-0F1D-4AE6-9E47-4BFD81537F14}"
EndProject
Project("{FAE04EC0-301F-11D3-BF4B-00C04F79EFBC}") = "QModManager", "QModManager\QModManager.csproj", "{DA63F59D-4676-4726-AFEC-BD9D3682733F}"
EndProject
Project("{FAE04EC0-301F-11D3-BF4B-00C04F79EFBC}") = "Unit Tests", "Unit Tests\Unit Tests.csproj", "{D433A819-73DB-4E6C-AE73-D3DED793BD4E}"
EndProject
Project("{FAE04EC0-301F-11D3-BF4B-00C04F79EFBC}") = "InstallerExtensions", "Installer\InstallerExtensions.csproj", "{92726127-A08F-4843-BF96-4989CE1BF422}"
EndProject
Project("{FAE04EC0-301F-11D3-BF4B-00C04F79EFBC}") = "Example mod", "Example mod\Example mod.csproj", "{6DA98132-0BD7-4F99-92A7-C0B975CC014E}"
EndProject
Global
	GlobalSection(SolutionConfigurationPlatforms) = preSolution
		Debug|Any CPU = Debug|Any CPU
		Debug|x64 = Debug|x64
		Debug|x86 = Debug|x86
		Release|Any CPU = Release|Any CPU
		Release|x64 = Release|x64
		Release|x86 = Release|x86
	EndGlobalSection
	GlobalSection(ProjectConfigurationPlatforms) = postSolution
		{E00B7FE8-0F1D-4AE6-9E47-4BFD81537F14}.Debug|Any CPU.ActiveCfg = Debug|Any CPU
		{E00B7FE8-0F1D-4AE6-9E47-4BFD81537F14}.Debug|Any CPU.Build.0 = Debug|Any CPU
		{E00B7FE8-0F1D-4AE6-9E47-4BFD81537F14}.Debug|x64.ActiveCfg = Debug|Any CPU
		{E00B7FE8-0F1D-4AE6-9E47-4BFD81537F14}.Debug|x64.Build.0 = Debug|Any CPU
		{E00B7FE8-0F1D-4AE6-9E47-4BFD81537F14}.Debug|x86.ActiveCfg = Debug|Any CPU
		{E00B7FE8-0F1D-4AE6-9E47-4BFD81537F14}.Debug|x86.Build.0 = Debug|Any CPU
		{E00B7FE8-0F1D-4AE6-9E47-4BFD81537F14}.Release|Any CPU.ActiveCfg = Release|Any CPU
		{E00B7FE8-0F1D-4AE6-9E47-4BFD81537F14}.Release|Any CPU.Build.0 = Release|Any CPU
		{E00B7FE8-0F1D-4AE6-9E47-4BFD81537F14}.Release|x64.ActiveCfg = Release|x64
		{E00B7FE8-0F1D-4AE6-9E47-4BFD81537F14}.Release|x64.Build.0 = Release|x64
		{E00B7FE8-0F1D-4AE6-9E47-4BFD81537F14}.Release|x86.ActiveCfg = Release|x86
		{E00B7FE8-0F1D-4AE6-9E47-4BFD81537F14}.Release|x86.Build.0 = Release|x86
		{DA63F59D-4676-4726-AFEC-BD9D3682733F}.Debug|Any CPU.ActiveCfg = Debug|Any CPU
		{DA63F59D-4676-4726-AFEC-BD9D3682733F}.Debug|Any CPU.Build.0 = Debug|Any CPU
		{DA63F59D-4676-4726-AFEC-BD9D3682733F}.Debug|x64.ActiveCfg = Debug|Any CPU
		{DA63F59D-4676-4726-AFEC-BD9D3682733F}.Debug|x64.Build.0 = Debug|Any CPU
		{DA63F59D-4676-4726-AFEC-BD9D3682733F}.Debug|x86.ActiveCfg = Debug|Any CPU
		{DA63F59D-4676-4726-AFEC-BD9D3682733F}.Debug|x86.Build.0 = Debug|Any CPU
		{DA63F59D-4676-4726-AFEC-BD9D3682733F}.Release|Any CPU.ActiveCfg = Release|Any CPU
		{DA63F59D-4676-4726-AFEC-BD9D3682733F}.Release|Any CPU.Build.0 = Release|Any CPU
		{DA63F59D-4676-4726-AFEC-BD9D3682733F}.Release|x64.ActiveCfg = Release|x64
		{DA63F59D-4676-4726-AFEC-BD9D3682733F}.Release|x64.Build.0 = Release|x64
		{DA63F59D-4676-4726-AFEC-BD9D3682733F}.Release|x86.ActiveCfg = Release|x86
		{DA63F59D-4676-4726-AFEC-BD9D3682733F}.Release|x86.Build.0 = Release|x86
		{D433A819-73DB-4E6C-AE73-D3DED793BD4E}.Debug|Any CPU.ActiveCfg = Debug|Any CPU
		{D433A819-73DB-4E6C-AE73-D3DED793BD4E}.Debug|Any CPU.Build.0 = Debug|Any CPU
		{D433A819-73DB-4E6C-AE73-D3DED793BD4E}.Debug|x64.ActiveCfg = Debug|Any CPU
		{D433A819-73DB-4E6C-AE73-D3DED793BD4E}.Debug|x86.ActiveCfg = Debug|Any CPU
		{D433A819-73DB-4E6C-AE73-D3DED793BD4E}.Release|Any CPU.ActiveCfg = Release|Any CPU
		{D433A819-73DB-4E6C-AE73-D3DED793BD4E}.Release|Any CPU.Build.0 = Release|Any CPU
		{D433A819-73DB-4E6C-AE73-D3DED793BD4E}.Release|x64.ActiveCfg = Release|Any CPU
		{D433A819-73DB-4E6C-AE73-D3DED793BD4E}.Release|x86.ActiveCfg = Release|Any CPU
		{92726127-A08F-4843-BF96-4989CE1BF422}.Debug|Any CPU.ActiveCfg = Debug|x86
		{92726127-A08F-4843-BF96-4989CE1BF422}.Debug|Any CPU.Build.0 = Debug|x86
		{92726127-A08F-4843-BF96-4989CE1BF422}.Debug|x64.ActiveCfg = Debug|x64
		{92726127-A08F-4843-BF96-4989CE1BF422}.Debug|x64.Build.0 = Debug|x64
		{92726127-A08F-4843-BF96-4989CE1BF422}.Debug|x86.ActiveCfg = Debug|x86
		{92726127-A08F-4843-BF96-4989CE1BF422}.Debug|x86.Build.0 = Debug|x86
		{92726127-A08F-4843-BF96-4989CE1BF422}.Release|Any CPU.ActiveCfg = Release|Any CPU
		{92726127-A08F-4843-BF96-4989CE1BF422}.Release|Any CPU.Build.0 = Release|Any CPU
		{92726127-A08F-4843-BF96-4989CE1BF422}.Release|x64.ActiveCfg = Release|x64
		{92726127-A08F-4843-BF96-4989CE1BF422}.Release|x64.Build.0 = Release|x64
		{92726127-A08F-4843-BF96-4989CE1BF422}.Release|x86.ActiveCfg = Release|x86
		{92726127-A08F-4843-BF96-4989CE1BF422}.Release|x86.Build.0 = Release|x86
		{6DA98132-0BD7-4F99-92A7-C0B975CC014E}.Debug|Any CPU.ActiveCfg = Debug|Any CPU
		{6DA98132-0BD7-4F99-92A7-C0B975CC014E}.Debug|Any CPU.Build.0 = Debug|Any CPU
		{6DA98132-0BD7-4F99-92A7-C0B975CC014E}.Debug|x64.ActiveCfg = Debug|Any CPU
		{6DA98132-0BD7-4F99-92A7-C0B975CC014E}.Debug|x64.Build.0 = Debug|Any CPU
		{6DA98132-0BD7-4F99-92A7-C0B975CC014E}.Debug|x86.ActiveCfg = Debug|Any CPU
		{6DA98132-0BD7-4F99-92A7-C0B975CC014E}.Debug|x86.Build.0 = Debug|Any CPU
		{6DA98132-0BD7-4F99-92A7-C0B975CC014E}.Release|Any CPU.ActiveCfg = Release|Any CPU
		{6DA98132-0BD7-4F99-92A7-C0B975CC014E}.Release|Any CPU.Build.0 = Release|Any CPU
		{6DA98132-0BD7-4F99-92A7-C0B975CC014E}.Release|x64.ActiveCfg = Release|Any CPU
		{6DA98132-0BD7-4F99-92A7-C0B975CC014E}.Release|x64.Build.0 = Release|Any CPU
		{6DA98132-0BD7-4F99-92A7-C0B975CC014E}.Release|x86.ActiveCfg = Release|Any CPU
		{6DA98132-0BD7-4F99-92A7-C0B975CC014E}.Release|x86.Build.0 = Release|Any CPU
	EndGlobalSection
	GlobalSection(SolutionProperties) = preSolution
		HideSolutionNode = FALSE
	EndGlobalSection
	GlobalSection(ExtensibilityGlobals) = postSolution
		SolutionGuid = {54A73C4F-4981-48CC-AD91-27D3D090D5D4}
	EndGlobalSection
EndGlobal
