
Microsoft Visual Studio Solution File, Format Version 12.00
# Visual Studio Version 16
VisualStudioVersion = 16.0.30204.135
MinimumVisualStudioVersion = 10.0.40219.1
Project("{FAE04EC0-301F-11D3-BF4B-00C04F79EFBC}") = "QModManager", "QModManager\QModManager.csproj", "{DA63F59D-4676-4726-AFEC-BD9D3682733F}"
EndProject
Project("{FAE04EC0-301F-11D3-BF4B-00C04F79EFBC}") = "Unit Tests", "Unit Tests\Unit Tests.csproj", "{D433A819-73DB-4E6C-AE73-D3DED793BD4E}"
EndProject
Project("{2150E333-8FDC-42A3-9474-1A3956D46DE8}") = "Solution Items", "Solution Items", "{5A8D179E-C749-4346-AD81-05F11C082A1C}"
	ProjectSection(SolutionItems) = preProject
		Data\latest-version.txt = Data\latest-version.txt
	EndProjectSection
EndProject
Project("{FAE04EC0-301F-11D3-BF4B-00C04F79EFBC}") = "InstallerExtensions", "Installer\InstallerExtensions.csproj", "{92726127-A08F-4843-BF96-4989CE1BF422}"
EndProject
Project("{FAE04EC0-301F-11D3-BF4B-00C04F79EFBC}") = "Executable", "Executable\Executable.csproj", "{E00B7FE8-0F1D-4AE6-9E47-4BFD81537F14}"
	ProjectSection(ProjectDependencies) = postProject
		{CA99F076-7459-4682-A41D-2850AEE28566} = {CA99F076-7459-4682-A41D-2850AEE28566}
	EndProjectSection
EndProject
Project("{FAE04EC0-301F-11D3-BF4B-00C04F79EFBC}") = "QModManager.QMMLoader", "QMMLoader\QModManager.QMMLoader.csproj", "{21D282E0-6B3E-4776-AC86-3089F0655893}"
	ProjectSection(ProjectDependencies) = postProject
		{DA63F59D-4676-4726-AFEC-BD9D3682733F} = {DA63F59D-4676-4726-AFEC-BD9D3682733F}
		{EA496DDF-D775-4E17-9EAE-C570C5F50701} = {EA496DDF-D775-4E17-9EAE-C570C5F50701}
	EndProjectSection
EndProject
Project("{FAE04EC0-301F-11D3-BF4B-00C04F79EFBC}") = "QModManager.UnityAudioFixer", "UnityAudioFixer\QModManager.UnityAudioFixer.csproj", "{CA99F076-7459-4682-A41D-2850AEE28566}"
	ProjectSection(ProjectDependencies) = postProject
		{DA63F59D-4676-4726-AFEC-BD9D3682733F} = {DA63F59D-4676-4726-AFEC-BD9D3682733F}
	EndProjectSection
EndProject
Project("{FAE04EC0-301F-11D3-BF4B-00C04F79EFBC}") = "QModManager.QModPluginGenerator", "QModPluginEmulator\QModManager.QModPluginGenerator.csproj", "{EA496DDF-D775-4E17-9EAE-C570C5F50701}"
	ProjectSection(ProjectDependencies) = postProject
		{DA63F59D-4676-4726-AFEC-BD9D3682733F} = {DA63F59D-4676-4726-AFEC-BD9D3682733F}
	EndProjectSection
EndProject
Project("{FAE04EC0-301F-11D3-BF4B-00C04F79EFBC}") = "QModManager.OculusNewtonsoftRedirect", "OculusNewtonsoftRedirect\QModManager.OculusNewtonsoftRedirect.csproj", "{25558450-FF33-4FDF-91C7-0C5C00A94A57}"
EndProject
Global
	GlobalSection(SolutionConfigurationPlatforms) = preSolution
		BZ.EXP|Any CPU = BZ.EXP|Any CPU
		BZ.EXP|x64 = BZ.EXP|x64
		BZ.EXP|x86 = BZ.EXP|x86
		BZ.STABLE|Any CPU = BZ.STABLE|Any CPU
		BZ.STABLE|x64 = BZ.STABLE|x64
		BZ.STABLE|x86 = BZ.STABLE|x86
		SN.EXP|Any CPU = SN.EXP|Any CPU
		SN.EXP|x64 = SN.EXP|x64
		SN.EXP|x86 = SN.EXP|x86
		SN.STABLE|Any CPU = SN.STABLE|Any CPU
		SN.STABLE|x64 = SN.STABLE|x64
		SN.STABLE|x86 = SN.STABLE|x86
	EndGlobalSection
	GlobalSection(ProjectConfigurationPlatforms) = postSolution
		{DA63F59D-4676-4726-AFEC-BD9D3682733F}.BZ.EXP|Any CPU.ActiveCfg = BZ.EXP|Any CPU
		{DA63F59D-4676-4726-AFEC-BD9D3682733F}.BZ.EXP|Any CPU.Build.0 = BZ.EXP|Any CPU
		{DA63F59D-4676-4726-AFEC-BD9D3682733F}.BZ.EXP|x64.ActiveCfg = BZ.EXP|Any CPU
		{DA63F59D-4676-4726-AFEC-BD9D3682733F}.BZ.EXP|x64.Build.0 = BZ.EXP|Any CPU
		{DA63F59D-4676-4726-AFEC-BD9D3682733F}.BZ.EXP|x86.ActiveCfg = BZ.EXP|Any CPU
		{DA63F59D-4676-4726-AFEC-BD9D3682733F}.BZ.EXP|x86.Build.0 = BZ.EXP|Any CPU
		{DA63F59D-4676-4726-AFEC-BD9D3682733F}.BZ.STABLE|Any CPU.ActiveCfg = BZ.STABLE|Any CPU
		{DA63F59D-4676-4726-AFEC-BD9D3682733F}.BZ.STABLE|Any CPU.Build.0 = BZ.STABLE|Any CPU
		{DA63F59D-4676-4726-AFEC-BD9D3682733F}.BZ.STABLE|x64.ActiveCfg = BZ.STABLE|Any CPU
		{DA63F59D-4676-4726-AFEC-BD9D3682733F}.BZ.STABLE|x64.Build.0 = BZ.STABLE|Any CPU
		{DA63F59D-4676-4726-AFEC-BD9D3682733F}.BZ.STABLE|x86.ActiveCfg = BZ.STABLE|Any CPU
		{DA63F59D-4676-4726-AFEC-BD9D3682733F}.BZ.STABLE|x86.Build.0 = BZ.STABLE|Any CPU
		{DA63F59D-4676-4726-AFEC-BD9D3682733F}.SN.EXP|Any CPU.ActiveCfg = SN.EXP|Any CPU
		{DA63F59D-4676-4726-AFEC-BD9D3682733F}.SN.EXP|Any CPU.Build.0 = SN.EXP|Any CPU
		{DA63F59D-4676-4726-AFEC-BD9D3682733F}.SN.EXP|x64.ActiveCfg = SN.EXP|Any CPU
		{DA63F59D-4676-4726-AFEC-BD9D3682733F}.SN.EXP|x64.Build.0 = SN.EXP|Any CPU
		{DA63F59D-4676-4726-AFEC-BD9D3682733F}.SN.EXP|x86.ActiveCfg = SN.EXP|Any CPU
		{DA63F59D-4676-4726-AFEC-BD9D3682733F}.SN.EXP|x86.Build.0 = SN.EXP|Any CPU
		{DA63F59D-4676-4726-AFEC-BD9D3682733F}.SN.STABLE|Any CPU.ActiveCfg = SN.STABLE|Any CPU
		{DA63F59D-4676-4726-AFEC-BD9D3682733F}.SN.STABLE|Any CPU.Build.0 = SN.STABLE|Any CPU
		{DA63F59D-4676-4726-AFEC-BD9D3682733F}.SN.STABLE|x64.ActiveCfg = SN.STABLE|Any CPU
		{DA63F59D-4676-4726-AFEC-BD9D3682733F}.SN.STABLE|x64.Build.0 = SN.STABLE|Any CPU
		{DA63F59D-4676-4726-AFEC-BD9D3682733F}.SN.STABLE|x86.ActiveCfg = SN.STABLE|Any CPU
		{DA63F59D-4676-4726-AFEC-BD9D3682733F}.SN.STABLE|x86.Build.0 = SN.STABLE|Any CPU
		{D433A819-73DB-4E6C-AE73-D3DED793BD4E}.BZ.EXP|Any CPU.ActiveCfg = BZ.EXP|Any CPU
		{D433A819-73DB-4E6C-AE73-D3DED793BD4E}.BZ.EXP|Any CPU.Build.0 = BZ.EXP|Any CPU
		{D433A819-73DB-4E6C-AE73-D3DED793BD4E}.BZ.EXP|x64.ActiveCfg = BZ.EXP|Any CPU
		{D433A819-73DB-4E6C-AE73-D3DED793BD4E}.BZ.EXP|x64.Build.0 = BZ.EXP|Any CPU
		{D433A819-73DB-4E6C-AE73-D3DED793BD4E}.BZ.EXP|x86.ActiveCfg = BZ.EXP|Any CPU
		{D433A819-73DB-4E6C-AE73-D3DED793BD4E}.BZ.EXP|x86.Build.0 = BZ.EXP|Any CPU
		{D433A819-73DB-4E6C-AE73-D3DED793BD4E}.BZ.STABLE|Any CPU.ActiveCfg = BZ.STABLE|Any CPU
		{D433A819-73DB-4E6C-AE73-D3DED793BD4E}.BZ.STABLE|Any CPU.Build.0 = BZ.STABLE|Any CPU
		{D433A819-73DB-4E6C-AE73-D3DED793BD4E}.BZ.STABLE|x64.ActiveCfg = BZ.STABLE|Any CPU
		{D433A819-73DB-4E6C-AE73-D3DED793BD4E}.BZ.STABLE|x64.Build.0 = BZ.STABLE|Any CPU
		{D433A819-73DB-4E6C-AE73-D3DED793BD4E}.BZ.STABLE|x86.ActiveCfg = BZ.STABLE|Any CPU
		{D433A819-73DB-4E6C-AE73-D3DED793BD4E}.BZ.STABLE|x86.Build.0 = BZ.STABLE|Any CPU
		{D433A819-73DB-4E6C-AE73-D3DED793BD4E}.SN.EXP|Any CPU.ActiveCfg = SN.EXP|Any CPU
		{D433A819-73DB-4E6C-AE73-D3DED793BD4E}.SN.EXP|Any CPU.Build.0 = SN.EXP|Any CPU
		{D433A819-73DB-4E6C-AE73-D3DED793BD4E}.SN.EXP|x64.ActiveCfg = SN.EXP|Any CPU
		{D433A819-73DB-4E6C-AE73-D3DED793BD4E}.SN.EXP|x64.Build.0 = SN.EXP|Any CPU
		{D433A819-73DB-4E6C-AE73-D3DED793BD4E}.SN.EXP|x86.ActiveCfg = SN.EXP|Any CPU
		{D433A819-73DB-4E6C-AE73-D3DED793BD4E}.SN.EXP|x86.Build.0 = SN.EXP|Any CPU
		{D433A819-73DB-4E6C-AE73-D3DED793BD4E}.SN.STABLE|Any CPU.ActiveCfg = SN.STABLE|Any CPU
		{D433A819-73DB-4E6C-AE73-D3DED793BD4E}.SN.STABLE|Any CPU.Build.0 = SN.STABLE|Any CPU
		{D433A819-73DB-4E6C-AE73-D3DED793BD4E}.SN.STABLE|x64.ActiveCfg = SN.STABLE|Any CPU
		{D433A819-73DB-4E6C-AE73-D3DED793BD4E}.SN.STABLE|x64.Build.0 = SN.STABLE|Any CPU
		{D433A819-73DB-4E6C-AE73-D3DED793BD4E}.SN.STABLE|x86.ActiveCfg = SN.STABLE|Any CPU
		{D433A819-73DB-4E6C-AE73-D3DED793BD4E}.SN.STABLE|x86.Build.0 = SN.STABLE|Any CPU
		{92726127-A08F-4843-BF96-4989CE1BF422}.BZ.EXP|Any CPU.ActiveCfg = BZ.EXP|Any CPU
		{92726127-A08F-4843-BF96-4989CE1BF422}.BZ.EXP|Any CPU.Build.0 = BZ.EXP|Any CPU
		{92726127-A08F-4843-BF96-4989CE1BF422}.BZ.EXP|x64.ActiveCfg = BZ.EXP|Any CPU
		{92726127-A08F-4843-BF96-4989CE1BF422}.BZ.EXP|x64.Build.0 = BZ.EXP|Any CPU
		{92726127-A08F-4843-BF96-4989CE1BF422}.BZ.EXP|x86.ActiveCfg = BZ.EXP|Any CPU
		{92726127-A08F-4843-BF96-4989CE1BF422}.BZ.EXP|x86.Build.0 = BZ.EXP|Any CPU
		{92726127-A08F-4843-BF96-4989CE1BF422}.BZ.STABLE|Any CPU.ActiveCfg = BZ.STABLE|Any CPU
		{92726127-A08F-4843-BF96-4989CE1BF422}.BZ.STABLE|Any CPU.Build.0 = BZ.STABLE|Any CPU
		{92726127-A08F-4843-BF96-4989CE1BF422}.BZ.STABLE|x64.ActiveCfg = BZ.STABLE|Any CPU
		{92726127-A08F-4843-BF96-4989CE1BF422}.BZ.STABLE|x64.Build.0 = BZ.STABLE|Any CPU
		{92726127-A08F-4843-BF96-4989CE1BF422}.BZ.STABLE|x86.ActiveCfg = BZ.STABLE|Any CPU
		{92726127-A08F-4843-BF96-4989CE1BF422}.BZ.STABLE|x86.Build.0 = BZ.STABLE|Any CPU
		{92726127-A08F-4843-BF96-4989CE1BF422}.SN.EXP|Any CPU.ActiveCfg = SN.EXP|Any CPU
		{92726127-A08F-4843-BF96-4989CE1BF422}.SN.EXP|Any CPU.Build.0 = SN.EXP|Any CPU
		{92726127-A08F-4843-BF96-4989CE1BF422}.SN.EXP|x64.ActiveCfg = SN.EXP|Any CPU
		{92726127-A08F-4843-BF96-4989CE1BF422}.SN.EXP|x64.Build.0 = SN.EXP|Any CPU
		{92726127-A08F-4843-BF96-4989CE1BF422}.SN.EXP|x86.ActiveCfg = SN.EXP|Any CPU
		{92726127-A08F-4843-BF96-4989CE1BF422}.SN.EXP|x86.Build.0 = SN.EXP|Any CPU
		{92726127-A08F-4843-BF96-4989CE1BF422}.SN.STABLE|Any CPU.ActiveCfg = SN.STABLE|Any CPU
		{92726127-A08F-4843-BF96-4989CE1BF422}.SN.STABLE|Any CPU.Build.0 = SN.STABLE|Any CPU
		{92726127-A08F-4843-BF96-4989CE1BF422}.SN.STABLE|x64.ActiveCfg = SN.STABLE|Any CPU
		{92726127-A08F-4843-BF96-4989CE1BF422}.SN.STABLE|x64.Build.0 = SN.STABLE|Any CPU
		{92726127-A08F-4843-BF96-4989CE1BF422}.SN.STABLE|x86.ActiveCfg = SN.STABLE|Any CPU
		{92726127-A08F-4843-BF96-4989CE1BF422}.SN.STABLE|x86.Build.0 = SN.STABLE|Any CPU
		{E00B7FE8-0F1D-4AE6-9E47-4BFD81537F14}.BZ.EXP|Any CPU.ActiveCfg = BZ.EXP|Any CPU
		{E00B7FE8-0F1D-4AE6-9E47-4BFD81537F14}.BZ.EXP|Any CPU.Build.0 = BZ.EXP|Any CPU
		{E00B7FE8-0F1D-4AE6-9E47-4BFD81537F14}.BZ.EXP|x64.ActiveCfg = BZ.EXP|Any CPU
		{E00B7FE8-0F1D-4AE6-9E47-4BFD81537F14}.BZ.EXP|x64.Build.0 = BZ.EXP|Any CPU
		{E00B7FE8-0F1D-4AE6-9E47-4BFD81537F14}.BZ.EXP|x86.ActiveCfg = BZ.EXP|Any CPU
		{E00B7FE8-0F1D-4AE6-9E47-4BFD81537F14}.BZ.EXP|x86.Build.0 = BZ.EXP|Any CPU
		{E00B7FE8-0F1D-4AE6-9E47-4BFD81537F14}.BZ.STABLE|Any CPU.ActiveCfg = BZ.STABLE|Any CPU
		{E00B7FE8-0F1D-4AE6-9E47-4BFD81537F14}.BZ.STABLE|Any CPU.Build.0 = BZ.STABLE|Any CPU
		{E00B7FE8-0F1D-4AE6-9E47-4BFD81537F14}.BZ.STABLE|x64.ActiveCfg = BZ.STABLE|Any CPU
		{E00B7FE8-0F1D-4AE6-9E47-4BFD81537F14}.BZ.STABLE|x64.Build.0 = BZ.STABLE|Any CPU
		{E00B7FE8-0F1D-4AE6-9E47-4BFD81537F14}.BZ.STABLE|x86.ActiveCfg = BZ.STABLE|Any CPU
		{E00B7FE8-0F1D-4AE6-9E47-4BFD81537F14}.BZ.STABLE|x86.Build.0 = BZ.STABLE|Any CPU
		{E00B7FE8-0F1D-4AE6-9E47-4BFD81537F14}.SN.EXP|Any CPU.ActiveCfg = SN.EXP|Any CPU
		{E00B7FE8-0F1D-4AE6-9E47-4BFD81537F14}.SN.EXP|Any CPU.Build.0 = SN.EXP|Any CPU
		{E00B7FE8-0F1D-4AE6-9E47-4BFD81537F14}.SN.EXP|x64.ActiveCfg = SN.EXP|Any CPU
		{E00B7FE8-0F1D-4AE6-9E47-4BFD81537F14}.SN.EXP|x64.Build.0 = SN.EXP|Any CPU
		{E00B7FE8-0F1D-4AE6-9E47-4BFD81537F14}.SN.EXP|x86.ActiveCfg = SN.EXP|Any CPU
		{E00B7FE8-0F1D-4AE6-9E47-4BFD81537F14}.SN.EXP|x86.Build.0 = SN.EXP|Any CPU
		{E00B7FE8-0F1D-4AE6-9E47-4BFD81537F14}.SN.STABLE|Any CPU.ActiveCfg = SN.STABLE|Any CPU
		{E00B7FE8-0F1D-4AE6-9E47-4BFD81537F14}.SN.STABLE|Any CPU.Build.0 = SN.STABLE|Any CPU
		{E00B7FE8-0F1D-4AE6-9E47-4BFD81537F14}.SN.STABLE|x64.ActiveCfg = SN.STABLE|Any CPU
		{E00B7FE8-0F1D-4AE6-9E47-4BFD81537F14}.SN.STABLE|x64.Build.0 = SN.STABLE|Any CPU
		{E00B7FE8-0F1D-4AE6-9E47-4BFD81537F14}.SN.STABLE|x86.ActiveCfg = SN.STABLE|Any CPU
		{E00B7FE8-0F1D-4AE6-9E47-4BFD81537F14}.SN.STABLE|x86.Build.0 = SN.STABLE|Any CPU
		{21D282E0-6B3E-4776-AC86-3089F0655893}.BZ.EXP|Any CPU.ActiveCfg = BZ.EXP|Any CPU
		{21D282E0-6B3E-4776-AC86-3089F0655893}.BZ.EXP|Any CPU.Build.0 = BZ.EXP|Any CPU
		{21D282E0-6B3E-4776-AC86-3089F0655893}.BZ.EXP|x64.ActiveCfg = BZ.EXP|Any CPU
		{21D282E0-6B3E-4776-AC86-3089F0655893}.BZ.EXP|x64.Build.0 = BZ.EXP|Any CPU
		{21D282E0-6B3E-4776-AC86-3089F0655893}.BZ.EXP|x86.ActiveCfg = BZ.EXP|Any CPU
		{21D282E0-6B3E-4776-AC86-3089F0655893}.BZ.EXP|x86.Build.0 = BZ.EXP|Any CPU
		{21D282E0-6B3E-4776-AC86-3089F0655893}.BZ.STABLE|Any CPU.ActiveCfg = BZ.STABLE|Any CPU
		{21D282E0-6B3E-4776-AC86-3089F0655893}.BZ.STABLE|Any CPU.Build.0 = BZ.STABLE|Any CPU
		{21D282E0-6B3E-4776-AC86-3089F0655893}.BZ.STABLE|x64.ActiveCfg = BZ.STABLE|Any CPU
		{21D282E0-6B3E-4776-AC86-3089F0655893}.BZ.STABLE|x64.Build.0 = BZ.STABLE|Any CPU
		{21D282E0-6B3E-4776-AC86-3089F0655893}.BZ.STABLE|x86.ActiveCfg = BZ.STABLE|Any CPU
		{21D282E0-6B3E-4776-AC86-3089F0655893}.BZ.STABLE|x86.Build.0 = BZ.STABLE|Any CPU
		{21D282E0-6B3E-4776-AC86-3089F0655893}.SN.EXP|Any CPU.ActiveCfg = SN.EXP|Any CPU
		{21D282E0-6B3E-4776-AC86-3089F0655893}.SN.EXP|Any CPU.Build.0 = SN.EXP|Any CPU
		{21D282E0-6B3E-4776-AC86-3089F0655893}.SN.EXP|x64.ActiveCfg = SN.EXP|Any CPU
		{21D282E0-6B3E-4776-AC86-3089F0655893}.SN.EXP|x64.Build.0 = SN.EXP|Any CPU
		{21D282E0-6B3E-4776-AC86-3089F0655893}.SN.EXP|x86.ActiveCfg = SN.EXP|Any CPU
		{21D282E0-6B3E-4776-AC86-3089F0655893}.SN.EXP|x86.Build.0 = SN.EXP|Any CPU
		{21D282E0-6B3E-4776-AC86-3089F0655893}.SN.STABLE|Any CPU.ActiveCfg = SN.STABLE|Any CPU
		{21D282E0-6B3E-4776-AC86-3089F0655893}.SN.STABLE|Any CPU.Build.0 = SN.STABLE|Any CPU
		{21D282E0-6B3E-4776-AC86-3089F0655893}.SN.STABLE|x64.ActiveCfg = SN.STABLE|Any CPU
		{21D282E0-6B3E-4776-AC86-3089F0655893}.SN.STABLE|x64.Build.0 = SN.STABLE|Any CPU
		{21D282E0-6B3E-4776-AC86-3089F0655893}.SN.STABLE|x86.ActiveCfg = SN.STABLE|Any CPU
		{21D282E0-6B3E-4776-AC86-3089F0655893}.SN.STABLE|x86.Build.0 = SN.STABLE|Any CPU
		{CA99F076-7459-4682-A41D-2850AEE28566}.BZ.EXP|Any CPU.ActiveCfg = BZ.EXP|Any CPU
		{CA99F076-7459-4682-A41D-2850AEE28566}.BZ.EXP|Any CPU.Build.0 = BZ.EXP|Any CPU
		{CA99F076-7459-4682-A41D-2850AEE28566}.BZ.EXP|x64.ActiveCfg = BZ.EXP|Any CPU
		{CA99F076-7459-4682-A41D-2850AEE28566}.BZ.EXP|x64.Build.0 = BZ.EXP|Any CPU
		{CA99F076-7459-4682-A41D-2850AEE28566}.BZ.EXP|x86.ActiveCfg = BZ.EXP|Any CPU
		{CA99F076-7459-4682-A41D-2850AEE28566}.BZ.EXP|x86.Build.0 = BZ.EXP|Any CPU
		{CA99F076-7459-4682-A41D-2850AEE28566}.BZ.STABLE|Any CPU.ActiveCfg = BZ.STABLE|Any CPU
		{CA99F076-7459-4682-A41D-2850AEE28566}.BZ.STABLE|Any CPU.Build.0 = BZ.STABLE|Any CPU
		{CA99F076-7459-4682-A41D-2850AEE28566}.BZ.STABLE|x64.ActiveCfg = BZ.STABLE|Any CPU
		{CA99F076-7459-4682-A41D-2850AEE28566}.BZ.STABLE|x64.Build.0 = BZ.STABLE|Any CPU
		{CA99F076-7459-4682-A41D-2850AEE28566}.BZ.STABLE|x86.ActiveCfg = BZ.STABLE|Any CPU
		{CA99F076-7459-4682-A41D-2850AEE28566}.BZ.STABLE|x86.Build.0 = BZ.STABLE|Any CPU
		{CA99F076-7459-4682-A41D-2850AEE28566}.SN.EXP|Any CPU.ActiveCfg = SN.EXP|Any CPU
		{CA99F076-7459-4682-A41D-2850AEE28566}.SN.EXP|Any CPU.Build.0 = SN.EXP|Any CPU
		{CA99F076-7459-4682-A41D-2850AEE28566}.SN.EXP|x64.ActiveCfg = SN.EXP|Any CPU
		{CA99F076-7459-4682-A41D-2850AEE28566}.SN.EXP|x64.Build.0 = SN.EXP|Any CPU
		{CA99F076-7459-4682-A41D-2850AEE28566}.SN.EXP|x86.ActiveCfg = SN.EXP|Any CPU
		{CA99F076-7459-4682-A41D-2850AEE28566}.SN.EXP|x86.Build.0 = SN.EXP|Any CPU
		{CA99F076-7459-4682-A41D-2850AEE28566}.SN.STABLE|Any CPU.ActiveCfg = SN.STABLE|Any CPU
		{CA99F076-7459-4682-A41D-2850AEE28566}.SN.STABLE|Any CPU.Build.0 = SN.STABLE|Any CPU
		{CA99F076-7459-4682-A41D-2850AEE28566}.SN.STABLE|x64.ActiveCfg = SN.STABLE|Any CPU
		{CA99F076-7459-4682-A41D-2850AEE28566}.SN.STABLE|x64.Build.0 = SN.STABLE|Any CPU
		{CA99F076-7459-4682-A41D-2850AEE28566}.SN.STABLE|x86.ActiveCfg = SN.STABLE|Any CPU
		{CA99F076-7459-4682-A41D-2850AEE28566}.SN.STABLE|x86.Build.0 = SN.STABLE|Any CPU
		{EA496DDF-D775-4E17-9EAE-C570C5F50701}.BZ.EXP|Any CPU.ActiveCfg = BZ.EXP|Any CPU
		{EA496DDF-D775-4E17-9EAE-C570C5F50701}.BZ.EXP|Any CPU.Build.0 = BZ.EXP|Any CPU
		{EA496DDF-D775-4E17-9EAE-C570C5F50701}.BZ.EXP|x64.ActiveCfg = BZ.EXP|Any CPU
		{EA496DDF-D775-4E17-9EAE-C570C5F50701}.BZ.EXP|x64.Build.0 = BZ.EXP|Any CPU
		{EA496DDF-D775-4E17-9EAE-C570C5F50701}.BZ.EXP|x86.ActiveCfg = BZ.EXP|Any CPU
		{EA496DDF-D775-4E17-9EAE-C570C5F50701}.BZ.EXP|x86.Build.0 = BZ.EXP|Any CPU
		{EA496DDF-D775-4E17-9EAE-C570C5F50701}.BZ.STABLE|Any CPU.ActiveCfg = BZ.STABLE|Any CPU
		{EA496DDF-D775-4E17-9EAE-C570C5F50701}.BZ.STABLE|Any CPU.Build.0 = BZ.STABLE|Any CPU
		{EA496DDF-D775-4E17-9EAE-C570C5F50701}.BZ.STABLE|x64.ActiveCfg = BZ.STABLE|Any CPU
		{EA496DDF-D775-4E17-9EAE-C570C5F50701}.BZ.STABLE|x64.Build.0 = BZ.STABLE|Any CPU
		{EA496DDF-D775-4E17-9EAE-C570C5F50701}.BZ.STABLE|x86.ActiveCfg = BZ.STABLE|Any CPU
		{EA496DDF-D775-4E17-9EAE-C570C5F50701}.BZ.STABLE|x86.Build.0 = BZ.STABLE|Any CPU
		{EA496DDF-D775-4E17-9EAE-C570C5F50701}.SN.EXP|Any CPU.ActiveCfg = SN.EXP|Any CPU
		{EA496DDF-D775-4E17-9EAE-C570C5F50701}.SN.EXP|Any CPU.Build.0 = SN.EXP|Any CPU
		{EA496DDF-D775-4E17-9EAE-C570C5F50701}.SN.EXP|x64.ActiveCfg = SN.EXP|Any CPU
		{EA496DDF-D775-4E17-9EAE-C570C5F50701}.SN.EXP|x64.Build.0 = SN.EXP|Any CPU
		{EA496DDF-D775-4E17-9EAE-C570C5F50701}.SN.EXP|x86.ActiveCfg = SN.EXP|Any CPU
		{EA496DDF-D775-4E17-9EAE-C570C5F50701}.SN.EXP|x86.Build.0 = SN.EXP|Any CPU
		{EA496DDF-D775-4E17-9EAE-C570C5F50701}.SN.STABLE|Any CPU.ActiveCfg = SN.STABLE|Any CPU
		{EA496DDF-D775-4E17-9EAE-C570C5F50701}.SN.STABLE|Any CPU.Build.0 = SN.STABLE|Any CPU
		{EA496DDF-D775-4E17-9EAE-C570C5F50701}.SN.STABLE|x64.ActiveCfg = SN.STABLE|Any CPU
		{EA496DDF-D775-4E17-9EAE-C570C5F50701}.SN.STABLE|x64.Build.0 = SN.STABLE|Any CPU
		{EA496DDF-D775-4E17-9EAE-C570C5F50701}.SN.STABLE|x86.ActiveCfg = SN.STABLE|Any CPU
		{EA496DDF-D775-4E17-9EAE-C570C5F50701}.SN.STABLE|x86.Build.0 = SN.STABLE|Any CPU
		{25558450-FF33-4FDF-91C7-0C5C00A94A57}.BZ.EXP|Any CPU.ActiveCfg = BZ.EXP|Any CPU
		{25558450-FF33-4FDF-91C7-0C5C00A94A57}.BZ.EXP|Any CPU.Build.0 = BZ.EXP|Any CPU
		{25558450-FF33-4FDF-91C7-0C5C00A94A57}.BZ.EXP|x64.ActiveCfg = BZ.EXP|Any CPU
		{25558450-FF33-4FDF-91C7-0C5C00A94A57}.BZ.EXP|x64.Build.0 = BZ.EXP|Any CPU
		{25558450-FF33-4FDF-91C7-0C5C00A94A57}.BZ.EXP|x86.ActiveCfg = BZ.EXP|Any CPU
		{25558450-FF33-4FDF-91C7-0C5C00A94A57}.BZ.EXP|x86.Build.0 = BZ.EXP|Any CPU
		{25558450-FF33-4FDF-91C7-0C5C00A94A57}.BZ.STABLE|Any CPU.ActiveCfg = BZ.STABLE|Any CPU
		{25558450-FF33-4FDF-91C7-0C5C00A94A57}.BZ.STABLE|Any CPU.Build.0 = BZ.STABLE|Any CPU
		{25558450-FF33-4FDF-91C7-0C5C00A94A57}.BZ.STABLE|x64.ActiveCfg = BZ.STABLE|Any CPU
		{25558450-FF33-4FDF-91C7-0C5C00A94A57}.BZ.STABLE|x64.Build.0 = BZ.STABLE|Any CPU
		{25558450-FF33-4FDF-91C7-0C5C00A94A57}.BZ.STABLE|x86.ActiveCfg = BZ.STABLE|Any CPU
		{25558450-FF33-4FDF-91C7-0C5C00A94A57}.BZ.STABLE|x86.Build.0 = BZ.STABLE|Any CPU
		{25558450-FF33-4FDF-91C7-0C5C00A94A57}.SN.EXP|Any CPU.ActiveCfg = SN.EXP|Any CPU
		{25558450-FF33-4FDF-91C7-0C5C00A94A57}.SN.EXP|Any CPU.Build.0 = SN.EXP|Any CPU
		{25558450-FF33-4FDF-91C7-0C5C00A94A57}.SN.EXP|x64.ActiveCfg = SN.EXP|Any CPU
		{25558450-FF33-4FDF-91C7-0C5C00A94A57}.SN.EXP|x64.Build.0 = SN.EXP|Any CPU
		{25558450-FF33-4FDF-91C7-0C5C00A94A57}.SN.EXP|x86.ActiveCfg = SN.EXP|Any CPU
		{25558450-FF33-4FDF-91C7-0C5C00A94A57}.SN.EXP|x86.Build.0 = SN.EXP|Any CPU
		{25558450-FF33-4FDF-91C7-0C5C00A94A57}.SN.STABLE|Any CPU.ActiveCfg = SN.STABLE|Any CPU
		{25558450-FF33-4FDF-91C7-0C5C00A94A57}.SN.STABLE|Any CPU.Build.0 = SN.STABLE|Any CPU
		{25558450-FF33-4FDF-91C7-0C5C00A94A57}.SN.STABLE|x64.ActiveCfg = SN.STABLE|Any CPU
		{25558450-FF33-4FDF-91C7-0C5C00A94A57}.SN.STABLE|x64.Build.0 = SN.STABLE|Any CPU
		{25558450-FF33-4FDF-91C7-0C5C00A94A57}.SN.STABLE|x86.ActiveCfg = SN.STABLE|Any CPU
		{25558450-FF33-4FDF-91C7-0C5C00A94A57}.SN.STABLE|x86.Build.0 = SN.STABLE|Any CPU
	EndGlobalSection
	GlobalSection(SolutionProperties) = preSolution
		HideSolutionNode = FALSE
	EndGlobalSection
	GlobalSection(ExtensibilityGlobals) = postSolution
		SolutionGuid = {54A73C4F-4981-48CC-AD91-27D3D090D5D4}
	EndGlobalSection
EndGlobal
