
Microsoft Visual Studio Solution File, Format Version 12.00
# Visual Studio 15
VisualStudioVersion = 15.0.26228.4
MinimumVisualStudioVersion = 10.0.40219.1
Project("{FAE04EC0-301F-11D3-BF4B-00C04F79EFBC}") = "Installer", "QModInstaller\Installer.csproj", "{05FC6FC9-F1A7-484C-AEBF-D1CE1D72B4D8}"
EndProject
Project("{FAE04EC0-301F-11D3-BF4B-00C04F79EFBC}") = "QModManager", "Executable\QModManager.csproj", "{AAD2413A-1B7E-4D26-A5CE-8305C90BDF74}"
EndProject
Global
	GlobalSection(SolutionConfigurationPlatforms) = preSolution
		Debug|Any CPU = Debug|Any CPU
		Release|Any CPU = Release|Any CPU
	EndGlobalSection
	GlobalSection(ProjectConfigurationPlatforms) = postSolution
		{05FC6FC9-F1A7-484C-AEBF-D1CE1D72B4D8}.Debug|Any CPU.ActiveCfg = Debug|Any CPU
		{05FC6FC9-F1A7-484C-AEBF-D1CE1D72B4D8}.Debug|Any CPU.Build.0 = Debug|Any CPU
		{05FC6FC9-F1A7-484C-AEBF-D1CE1D72B4D8}.Release|Any CPU.ActiveCfg = Release|Any CPU
		{05FC6FC9-F1A7-484C-AEBF-D1CE1D72B4D8}.Release|Any CPU.Build.0 = Release|Any CPU
		{AAD2413A-1B7E-4D26-A5CE-8305C90BDF74}.Debug|Any CPU.ActiveCfg = Debug|Any CPU
		{AAD2413A-1B7E-4D26-A5CE-8305C90BDF74}.Debug|Any CPU.Build.0 = Debug|Any CPU
		{AAD2413A-1B7E-4D26-A5CE-8305C90BDF74}.Release|Any CPU.ActiveCfg = Release|Any CPU
		{AAD2413A-1B7E-4D26-A5CE-8305C90BDF74}.Release|Any CPU.Build.0 = Release|Any CPU
	EndGlobalSection
	GlobalSection(SolutionProperties) = preSolution
		HideSolutionNode = FALSE
	EndGlobalSection
EndGlobal
